
Microsoft Visual Studio Solution File, Format Version 12.00
# Visual Studio Version 17
VisualStudioVersion = 17.5.33627.172
MinimumVisualStudioVersion = 10.0.40219.1
Project("{FAE04EC0-301F-11D3-BF4B-00C04F79EFBC}") = "ITS.Solution.Exam.2022", "ITS.Solution.Exam.2022\ITS.Solution.Exam.2022.csproj", "{4A89E65F-AD36-4B01-957D-1C9F8F5098CC}"
EndProject
Global
	GlobalSection(SolutionConfigurationPlatforms) = preSolution
		Debug|Any CPU = Debug|Any CPU
		Release|Any CPU = Release|Any CPU
	EndGlobalSection
	GlobalSection(ProjectConfigurationPlatforms) = postSolution
		{4A89E65F-AD36-4B01-957D-1C9F8F5098CC}.Debug|Any CPU.ActiveCfg = Debug|Any CPU
		{4A89E65F-AD36-4B01-957D-1C9F8F5098CC}.Debug|Any CPU.Build.0 = Debug|Any CPU
		{4A89E65F-AD36-4B01-957D-1C9F8F5098CC}.Release|Any CPU.ActiveCfg = Release|Any CPU
		{4A89E65F-AD36-4B01-957D-1C9F8F5098CC}.Release|Any CPU.Build.0 = Release|Any CPU
	EndGlobalSection
	GlobalSection(SolutionProperties) = preSolution
		HideSolutionNode = FALSE
	EndGlobalSection
	GlobalSection(ExtensibilityGlobals) = postSolution
		SolutionGuid = {DD6750B0-1D39-464F-8643-1AA1BBE8F136}
	EndGlobalSection
EndGlobal
